
Microsoft Visual Studio Solution File, Format Version 12.00
# Visual Studio Version 16
VisualStudioVersion = 16.0.30011.22
MinimumVisualStudioVersion = 10.0.40219.1
Project("{FAE04EC0-301F-11D3-BF4B-00C04F79EFBC}") = "NightClubValidator", "NightClubValidator.csproj", "{E7BA31E0-E208-40A3-B450-C05BBF0D9D4B}"
EndProject
Global
	GlobalSection(SolutionConfigurationPlatforms) = preSolution
		Debug|Any CPU = Debug|Any CPU
		Release|Any CPU = Release|Any CPU
	EndGlobalSection
	GlobalSection(ProjectConfigurationPlatforms) = postSolution
		{E7BA31E0-E208-40A3-B450-C05BBF0D9D4B}.Debug|Any CPU.ActiveCfg = Debug|Any CPU
		{E7BA31E0-E208-40A3-B450-C05BBF0D9D4B}.Debug|Any CPU.Build.0 = Debug|Any CPU
		{E7BA31E0-E208-40A3-B450-C05BBF0D9D4B}.Release|Any CPU.ActiveCfg = Release|Any CPU
		{E7BA31E0-E208-40A3-B450-C05BBF0D9D4B}.Release|Any CPU.Build.0 = Release|Any CPU
	EndGlobalSection
	GlobalSection(SolutionProperties) = preSolution
		HideSolutionNode = FALSE
	EndGlobalSection
	GlobalSection(ExtensibilityGlobals) = postSolution
		SolutionGuid = {25076EBE-BA57-4B46-9E07-B1E35BA4450C}
	EndGlobalSection
EndGlobal
